
Microsoft Visual Studio Solution File, Format Version 12.00
# Visual Studio Version 17
VisualStudioVersion = 17.6.33801.468
MinimumVisualStudioVersion = 10.0.40219.1
Project("{9A19103F-16F7-4668-BE54-9A1E7A4F7556}") = "SplitWise", "SplitWise\SplitWise.csproj", "{65B3FEB2-E751-46EE-A468-92987CA6421B}"
EndProject
Project("{FAE04EC0-301F-11D3-BF4B-00C04F79EFBC}") = "SplitWiseAPI", "SplitWiseAPI\SplitWiseAPI.csproj", "{22F56403-8AB8-47C2-9522-D7BDD20C06EB}"
EndProject
Global
	GlobalSection(SolutionConfigurationPlatforms) = preSolution
		Debug|Any CPU = Debug|Any CPU
		Release|Any CPU = Release|Any CPU
	EndGlobalSection
	GlobalSection(ProjectConfigurationPlatforms) = postSolution
		{65B3FEB2-E751-46EE-A468-92987CA6421B}.Debug|Any CPU.ActiveCfg = Debug|Any CPU
		{65B3FEB2-E751-46EE-A468-92987CA6421B}.Debug|Any CPU.Build.0 = Debug|Any CPU
		{65B3FEB2-E751-46EE-A468-92987CA6421B}.Release|Any CPU.ActiveCfg = Release|Any CPU
		{65B3FEB2-E751-46EE-A468-92987CA6421B}.Release|Any CPU.Build.0 = Release|Any CPU
		{22F56403-8AB8-47C2-9522-D7BDD20C06EB}.Debug|Any CPU.ActiveCfg = Debug|Any CPU
		{22F56403-8AB8-47C2-9522-D7BDD20C06EB}.Debug|Any CPU.Build.0 = Debug|Any CPU
		{22F56403-8AB8-47C2-9522-D7BDD20C06EB}.Release|Any CPU.ActiveCfg = Release|Any CPU
		{22F56403-8AB8-47C2-9522-D7BDD20C06EB}.Release|Any CPU.Build.0 = Release|Any CPU
	EndGlobalSection
	GlobalSection(SolutionProperties) = preSolution
		HideSolutionNode = FALSE
	EndGlobalSection
	GlobalSection(ExtensibilityGlobals) = postSolution
		SolutionGuid = {7F5FD44D-3516-407C-BCC5-24BB551456F6}
	EndGlobalSection
EndGlobal
